PODS:
  - SQLite.swift (0.11.4):
    - SQLite.swift/standard (= 0.11.4)
  - SQLite.swift/standard (0.11.4)
  - WebimClientLibrary (3.1.3):
    - SQLite.swift

DEPENDENCIES:
  - WebimClientLibrary (from `https://github.com/webim/webim-client-sdk-ios.git`, tag `3.1.3`)

EXTERNAL SOURCES:
  WebimClientLibrary:
    :git: https://github.com/webim/webim-client-sdk-ios.git
    :tag: 3.1.3

CHECKOUT OPTIONS:
  WebimClientLibrary:
    :git: https://github.com/webim/webim-client-sdk-ios.git
    :tag: 3.1.3

SPEC CHECKSUMS:
  SQLite.swift: 3e3bee21da701b5b9f87c4a672cb54f233505692
  WebimClientLibrary: 6487d8f8f7849a2282ba5c6a4aeb183baf00614b

PODFILE CHECKSUM: b776061effd9b1b2ef4d9fb2dbba075fd664c043

COCOAPODS: 1.2.1
