PODS:
  - SQLite.swift (0.11.5):
    - SQLite.swift/standard (= 0.11.5)
  - SQLite.swift/standard (0.11.5)
  - WebimClientLibrary (3.23.7):
    - SQLite.swift

DEPENDENCIES:
  - WebimClientLibrary (from `https://github.com/webim/webim-client-sdk-ios.git`, tag `3.23.7`)

SPEC REPOS:
  https://github.com/cocoapods/specs.git:
    - SQLite.swift

EXTERNAL SOURCES:
  WebimClientLibrary:
    :git: https://github.com/webim/webim-client-sdk-ios.git
    :tag: 3.23.7

CHECKOUT OPTIONS:
  WebimClientLibrary:
    :git: https://github.com/webim/webim-client-sdk-ios.git
    :tag: 3.23.7

SPEC CHECKSUMS:
  SQLite.swift: 6e5356850bb1791459f8c16d6ee9195b28714a2e
  WebimClientLibrary: f36bf0a21798ee9a01597b46e4c4427b7fbce157

PODFILE CHECKSUM: 8359dabb2302937233a8e354426114178ce0cb40

COCOAPODS: 1.5.3
