PODS:
  - SQLite.swift (0.11.5):
    - SQLite.swift/standard (= 0.11.5)
  - SQLite.swift/standard (0.11.5)
  - WebimClientLibrary (3.22.2):
    - SQLite.swift

DEPENDENCIES:
  - WebimClientLibrary (from `https://github.com/webim/webim-client-sdk-ios.git`, tag `3.22.2`)

SPEC REPOS:
  https://github.com/cocoapods/specs.git:
    - SQLite.swift

EXTERNAL SOURCES:
  WebimClientLibrary:
    :git: https://github.com/webim/webim-client-sdk-ios.git
    :tag: 3.22.2

CHECKOUT OPTIONS:
  WebimClientLibrary:
    :git: https://github.com/webim/webim-client-sdk-ios.git
    :tag: 3.22.2

SPEC CHECKSUMS:
  SQLite.swift: 6e5356850bb1791459f8c16d6ee9195b28714a2e
  WebimClientLibrary: c0c31208b3864dd80ecfd40a5b792455ab227ba0

PODFILE CHECKSUM: 5d5082c739e3e4374a35a0b07d49a1eb9f2e6728

COCOAPODS: 1.5.3
